
Microsoft Visual Studio Solution File, Format Version 12.00
# Visual Studio Version 17
VisualStudioVersion = 17.6.33815.320
MinimumVisualStudioVersion = 10.0.40219.1
Project("{FAE04EC0-301F-11D3-BF4B-00C04F79EFBC}") = "CS311_Project3_CWJ_20231105", "CS311_Project3_CWJ_20231105.csproj", "{9288499C-47F5-4A9A-A7F8-41DBDD8551E4}"
EndProject
Global
	GlobalSection(SolutionConfigurationPlatforms) = preSolution
		Debug|Any CPU = Debug|Any CPU
		Release|Any CPU = Release|Any CPU
	EndGlobalSection
	GlobalSection(ProjectConfigurationPlatforms) = postSolution
		{9288499C-47F5-4A9A-A7F8-41DBDD8551E4}.Debug|Any CPU.ActiveCfg = Debug|Any CPU
		{9288499C-47F5-4A9A-A7F8-41DBDD8551E4}.Debug|Any CPU.Build.0 = Debug|Any CPU
		{9288499C-47F5-4A9A-A7F8-41DBDD8551E4}.Release|Any CPU.ActiveCfg = Release|Any CPU
		{9288499C-47F5-4A9A-A7F8-41DBDD8551E4}.Release|Any CPU.Build.0 = Release|Any CPU
	EndGlobalSection
	GlobalSection(SolutionProperties) = preSolution
		HideSolutionNode = FALSE
	EndGlobalSection
	GlobalSection(ExtensibilityGlobals) = postSolution
		SolutionGuid = {77E60C1C-0C87-4EF4-ACD1-06210E46F54B}
	EndGlobalSection
EndGlobal
